
Microsoft Visual Studio Solution File, Format Version 12.00
# Visual Studio Version 17
VisualStudioVersion = 17.8.34330.188
MinimumVisualStudioVersion = 10.0.40219.1
Project("{F184B08F-C81C-45F6-A57F-5ABD9991F28F}") = "FortuneCookie", "FortuneCookie.vbproj", "{35B973BD-88EA-463F-ACF9-579D8C16F157}"
EndProject
Global
	GlobalSection(SolutionConfigurationPlatforms) = preSolution
		Debug|Any CPU = Debug|Any CPU
		Release|Any CPU = Release|Any CPU
	EndGlobalSection
	GlobalSection(ProjectConfigurationPlatforms) = postSolution
		{35B973BD-88EA-463F-ACF9-579D8C16F157}.Debug|Any CPU.ActiveCfg = Debug|Any CPU
		{35B973BD-88EA-463F-ACF9-579D8C16F157}.Debug|Any CPU.Build.0 = Debug|Any CPU
		{35B973BD-88EA-463F-ACF9-579D8C16F157}.Release|Any CPU.ActiveCfg = Release|Any CPU
		{35B973BD-88EA-463F-ACF9-579D8C16F157}.Release|Any CPU.Build.0 = Release|Any CPU
	EndGlobalSection
	GlobalSection(SolutionProperties) = preSolution
		HideSolutionNode = FALSE
	EndGlobalSection
	GlobalSection(ExtensibilityGlobals) = postSolution
		SolutionGuid = {4CB2A08C-37F6-44BF-BD6B-ED8E1BED0E65}
	EndGlobalSection
EndGlobal
